
Microsoft Visual Studio Solution File, Format Version 12.00
# Visual Studio 14
VisualStudioVersion = 14.0.25123.0
MinimumVisualStudioVersion = 10.0.40219.1
Project("{FAE04EC0-301F-11D3-BF4B-00C04F79EFBC}") = "Advena.Seed", "Advena.Seed\Advena.Seed.csproj", "{76831ADB-748A-4BE6-9136-199147EBDC9E}"
EndProject
Project("{FAE04EC0-301F-11D3-BF4B-00C04F79EFBC}") = "Advena.Database", "Advena.Database\Advena.Database.csproj", "{EE9C8C49-E05A-4224-9AE8-5711178B322F}"
EndProject
Project("{FAE04EC0-301F-11D3-BF4B-00C04F79EFBC}") = "Advena.Repository", "Advena.Repository\Advena.Repository\Advena.Repository.csproj", "{91725D67-C1DE-489D-97BC-070E6EFDD288}"
EndProject
Project("{FAE04EC0-301F-11D3-BF4B-00C04F79EFBC}") = "Advena.Api", "Advena.Api\Advena.Api.csproj", "{6FB95BCB-199D-4F5F-BC5B-E432EF5AC39F}"
EndProject
Global
	GlobalSection(SolutionConfigurationPlatforms) = preSolution
		Debug|Any CPU = Debug|Any CPU
		Release|Any CPU = Release|Any CPU
	EndGlobalSection
	GlobalSection(ProjectConfigurationPlatforms) = postSolution
		{76831ADB-748A-4BE6-9136-199147EBDC9E}.Debug|Any CPU.ActiveCfg = Debug|Any CPU
		{76831ADB-748A-4BE6-9136-199147EBDC9E}.Debug|Any CPU.Build.0 = Debug|Any CPU
		{76831ADB-748A-4BE6-9136-199147EBDC9E}.Release|Any CPU.ActiveCfg = Release|Any CPU
		{76831ADB-748A-4BE6-9136-199147EBDC9E}.Release|Any CPU.Build.0 = Release|Any CPU
		{EE9C8C49-E05A-4224-9AE8-5711178B322F}.Debug|Any CPU.ActiveCfg = Debug|Any CPU
		{EE9C8C49-E05A-4224-9AE8-5711178B322F}.Debug|Any CPU.Build.0 = Debug|Any CPU
		{EE9C8C49-E05A-4224-9AE8-5711178B322F}.Release|Any CPU.ActiveCfg = Release|Any CPU
		{EE9C8C49-E05A-4224-9AE8-5711178B322F}.Release|Any CPU.Build.0 = Release|Any CPU
		{91725D67-C1DE-489D-97BC-070E6EFDD288}.Debug|Any CPU.ActiveCfg = Debug|Any CPU
		{91725D67-C1DE-489D-97BC-070E6EFDD288}.Debug|Any CPU.Build.0 = Debug|Any CPU
		{91725D67-C1DE-489D-97BC-070E6EFDD288}.Release|Any CPU.ActiveCfg = Release|Any CPU
		{91725D67-C1DE-489D-97BC-070E6EFDD288}.Release|Any CPU.Build.0 = Release|Any CPU
		{6FB95BCB-199D-4F5F-BC5B-E432EF5AC39F}.Debug|Any CPU.ActiveCfg = Debug|Any CPU
		{6FB95BCB-199D-4F5F-BC5B-E432EF5AC39F}.Debug|Any CPU.Build.0 = Debug|Any CPU
		{6FB95BCB-199D-4F5F-BC5B-E432EF5AC39F}.Release|Any CPU.ActiveCfg = Release|Any CPU
		{6FB95BCB-199D-4F5F-BC5B-E432EF5AC39F}.Release|Any CPU.Build.0 = Release|Any CPU
	EndGlobalSection
	GlobalSection(SolutionProperties) = preSolution
		HideSolutionNode = FALSE
	EndGlobalSection
EndGlobal
